
Microsoft Visual Studio Solution File, Format Version 12.00
# Visual Studio 14
VisualStudioVersion = 14.0.24720.0
MinimumVisualStudioVersion = 10.0.40219.1
Project("{FAE04EC0-301F-11D3-BF4B-00C04F79EFBC}") = "RealView", "RealView\RealView.csproj", "{877E51A4-18D9-47A6-9291-4D7D20F9D8F8}"
EndProject
Project("{FAE04EC0-301F-11D3-BF4B-00C04F79EFBC}") = "RealViewTests", "RealViewTests\RealViewTests.csproj", "{3DC4FD2A-33F9-4D9D-A36D-AB90AA61A8F3}"
EndProject
Global
	GlobalSection(SolutionConfigurationPlatforms) = preSolution
		Debug|Any CPU = Debug|Any CPU
		Release|Any CPU = Release|Any CPU
	EndGlobalSection
	GlobalSection(ProjectConfigurationPlatforms) = postSolution
		{877E51A4-18D9-47A6-9291-4D7D20F9D8F8}.Debug|Any CPU.ActiveCfg = Debug|Any CPU
		{877E51A4-18D9-47A6-9291-4D7D20F9D8F8}.Debug|Any CPU.Build.0 = Debug|Any CPU
		{877E51A4-18D9-47A6-9291-4D7D20F9D8F8}.Release|Any CPU.ActiveCfg = Release|Any CPU
		{877E51A4-18D9-47A6-9291-4D7D20F9D8F8}.Release|Any CPU.Build.0 = Release|Any CPU
		{3DC4FD2A-33F9-4D9D-A36D-AB90AA61A8F3}.Debug|Any CPU.ActiveCfg = Debug|Any CPU
		{3DC4FD2A-33F9-4D9D-A36D-AB90AA61A8F3}.Debug|Any CPU.Build.0 = Debug|Any CPU
		{3DC4FD2A-33F9-4D9D-A36D-AB90AA61A8F3}.Release|Any CPU.ActiveCfg = Release|Any CPU
		{3DC4FD2A-33F9-4D9D-A36D-AB90AA61A8F3}.Release|Any CPU.Build.0 = Release|Any CPU
	EndGlobalSection
	GlobalSection(SolutionProperties) = preSolution
		HideSolutionNode = FALSE
	EndGlobalSection
EndGlobal
